// !$*UTF8*$!
{
	archiveVersion = 1;
	classes = {
	};
	objectVersion = 56;
	objects = {

/* Begin PBXBuildFile section */
		2862C8622C5EF51F0076265E /* ExpandedRecipeView.swift in Sources */ = {isa = PBXBuildFile; fileRef = 2862C8612C5EF51F0076265E /* ExpandedRecipeView.swift */; };
		2862C8642C5EF5A50076265E /* NutritionFactsView.swift in Sources */ = {isa = PBXBuildFile; fileRef = 2862C8632C5EF5A50076265E /* NutritionFactsView.swift */; };
		2862C8662C5F0F9C0076265E /* RecipeStorageService.swift in Sources */ = {isa = PBXBuildFile; fileRef = 2862C8652C5F0F9C0076265E /* RecipeStorageService.swift */; };
		2862C8692C627F5B0076265E /* StateManagerService.swift in Sources */ = {isa = PBXBuildFile; fileRef = 2862C8682C627F5B0076265E /* StateManagerService.swift */; };
		2863DF472C4AF4CC00942611 /* MealBuilderApp.swift in Sources */ = {isa = PBXBuildFile; fileRef = 2863DF462C4AF4CC00942611 /* MealBuilderApp.swift */; };
		2863DF492C4AF4CC00942611 /* ContentView.swift in Sources */ = {isa = PBXBuildFile; fileRef = 2863DF482C4AF4CC00942611 /* ContentView.swift */; };
		2863DF4B2C4AF4CD00942611 /* Assets.xcassets in Resources */ = {isa = PBXBuildFile; fileRef = 2863DF4A2C4AF4CD00942611 /* Assets.xcassets */; };
		2863DF4E2C4AF4CD00942611 /* Preview Assets.xcassets in Resources */ = {isa = PBXBuildFile; fileRef = 2863DF4D2C4AF4CD00942611 /* Preview Assets.xcassets */; };
		2863DF572C4F06F100942611 /* RecipeViewHotdog.swift in Sources */ = {isa = PBXBuildFile; fileRef = 2863DF562C4F06F100942611 /* RecipeViewHotdog.swift */; };
		2863DF5A2C503D4F00942611 /* Recipe.swift in Sources */ = {isa = PBXBuildFile; fileRef = 2863DF592C503D4F00942611 /* Recipe.swift */; };
		2863DF5C2C51814F00942611 /* RecipeViewHorizontal.swift in Sources */ = {isa = PBXBuildFile; fileRef = 2863DF5B2C51814F00942611 /* RecipeViewHorizontal.swift */; };
		2863DF5E2C51837800942611 /* NutritionFactsPickerView.swift in Sources */ = {isa = PBXBuildFile; fileRef = 2863DF5D2C51837800942611 /* NutritionFactsPickerView.swift */; };
		2863DF602C529FE300942611 /* MLRequestService.swift in Sources */ = {isa = PBXBuildFile; fileRef = 2863DF5F2C529FE300942611 /* MLRequestService.swift */; };
/* End PBXBuildFile section */

/* Begin PBXFileReference section */
		2862C8612C5EF51F0076265E /* ExpandedRecipeView.swift */ = {isa = PBXFileReference; lastKnownFileType = sourcecode.swift; path = ExpandedRecipeView.swift; sourceTree = "<group>"; };
		2862C8632C5EF5A50076265E /* NutritionFactsView.swift */ = {isa = PBXFileReference; lastKnownFileType = sourcecode.swift; path = NutritionFactsView.swift; sourceTree = "<group>"; };
		2862C8652C5F0F9C0076265E /* RecipeStorageService.swift */ = {isa = PBXFileReference; lastKnownFileType = sourcecode.swift; path = RecipeStorageService.swift; sourceTree = "<group>"; };
		2862C8682C627F5B0076265E /* StateManagerService.swift */ = {isa = PBXFileReference; lastKnownFileType = sourcecode.swift; path = StateManagerService.swift; sourceTree = "<group>"; };
		2863DF432C4AF4CC00942611 /* MealBuilder.app */ = {isa = PBXFileReference; explicitFileType = wrapper.application; includeInIndex = 0; path = MealBuilder.app; sourceTree = BUILT_PRODUCTS_DIR; };
		2863DF462C4AF4CC00942611 /* MealBuilderApp.swift */ = {isa = PBXFileReference; lastKnownFileType = sourcecode.swift; path = MealBuilderApp.swift; sourceTree = "<group>"; };
		2863DF482C4AF4CC00942611 /* ContentView.swift */ = {isa = PBXFileReference; lastKnownFileType = sourcecode.swift; path = ContentView.swift; sourceTree = "<group>"; };
		2863DF4A2C4AF4CD00942611 /* Assets.xcassets */ = {isa = PBXFileReference; lastKnownFileType = folder.assetcatalog; path = Assets.xcassets; sourceTree = "<group>"; };
		2863DF4D2C4AF4CD00942611 /* Preview Assets.xcassets */ = {isa = PBXFileReference; lastKnownFileType = folder.assetcatalog; path = "Preview Assets.xcassets"; sourceTree = "<group>"; };
		2863DF562C4F06F100942611 /* RecipeViewHotdog.swift */ = {isa = PBXFileReference; lastKnownFileType = sourcecode.swift; path = RecipeViewHotdog.swift; sourceTree = "<group>"; };
		2863DF592C503D4F00942611 /* Recipe.swift */ = {isa = PBXFileReference; lastKnownFileType = sourcecode.swift; path = Recipe.swift; sourceTree = "<group>"; };
		2863DF5B2C51814F00942611 /* RecipeViewHorizontal.swift */ = {isa = PBXFileReference; lastKnownFileType = sourcecode.swift; path = RecipeViewHorizontal.swift; sourceTree = "<group>"; };
		2863DF5D2C51837800942611 /* NutritionFactsPickerView.swift */ = {isa = PBXFileReference; lastKnownFileType = sourcecode.swift; path = NutritionFactsPickerView.swift; sourceTree = "<group>"; };
		2863DF5F2C529FE300942611 /* MLRequestService.swift */ = {isa = PBXFileReference; lastKnownFileType = sourcecode.swift; path = MLRequestService.swift; sourceTree = "<group>"; };
/* End PBXFileReference section */

/* Begin PBXFrameworksBuildPhase section */
		2863DF402C4AF4CB00942611 /* Frameworks */ = {
			isa = PBXFrameworksBuildPhase;
			buildActionMask = 2147483647;
			files = (
			);
			runOnlyForDeploymentPostprocessing = 0;
		};
/* End PBXFrameworksBuildPhase section */

/* Begin PBXGroup section */
		2862C8672C627F3E0076265E /* Environment */ = {
			isa = PBXGroup;
			children = (
				2863DF5F2C529FE300942611 /* MLRequestService.swift */,
				2862C8652C5F0F9C0076265E /* RecipeStorageService.swift */,
				2862C8682C627F5B0076265E /* StateManagerService.swift */,
			);
			path = Environment;
			sourceTree = "<group>";
		};
		2863DF3A2C4AF4CB00942611 = {
			isa = PBXGroup;
			children = (
				2863DF452C4AF4CC00942611 /* MealBuilder */,
				2863DF442C4AF4CC00942611 /* Products */,
			);
			sourceTree = "<group>";
		};
		2863DF442C4AF4CC00942611 /* Products */ = {
			isa = PBXGroup;
			children = (
				2863DF432C4AF4CC00942611 /* MealBuilder.app */,
			);
			name = Products;
			sourceTree = "<group>";
		};
		2863DF452C4AF4CC00942611 /* MealBuilder */ = {
			isa = PBXGroup;
			children = (
				2862C8672C627F3E0076265E /* Environment */,
				2863DF582C503D4900942611 /* Model */,
				2863DF462C4AF4CC00942611 /* MealBuilderApp.swift */,
				2863DF482C4AF4CC00942611 /* ContentView.swift */,
				2862C8612C5EF51F0076265E /* ExpandedRecipeView.swift */,
				2863DF5D2C51837800942611 /* NutritionFactsPickerView.swift */,
				2862C8632C5EF5A50076265E /* NutritionFactsView.swift */,
				2863DF5B2C51814F00942611 /* RecipeViewHorizontal.swift */,
				2863DF562C4F06F100942611 /* RecipeViewHotdog.swift */,
				2863DF4A2C4AF4CD00942611 /* Assets.xcassets */,
				2863DF4C2C4AF4CD00942611 /* Preview Content */,
			);
			path = MealBuilder;
			sourceTree = "<group>";
		};
		2863DF4C2C4AF4CD00942611 /* Preview Content */ = {
			isa = PBXGroup;
			children = (
				2863DF4D2C4AF4CD00942611 /* Preview Assets.xcassets */,
			);
			path = "Preview Content";
			sourceTree = "<group>";
		};
		2863DF582C503D4900942611 /* Model */ = {
			isa = PBXGroup;
			children = (
				2863DF592C503D4F00942611 /* Recipe.swift */,
			);
			path = Model;
			sourceTree = "<group>";
		};
/* End PBXGroup section */

/* Begin PBXNativeTarget section */
		2863DF422C4AF4CB00942611 /* MealBuilder */ = {
			isa = PBXNativeTarget;
			buildConfigurationList = 2863DF512C4AF4CD00942611 /* Build configuration list for PBXNativeTarget "MealBuilder" */;
			buildPhases = (
				2863DF3F2C4AF4CB00942611 /* Sources */,
				2863DF402C4AF4CB00942611 /* Frameworks */,
				2863DF412C4AF4CB00942611 /* Resources */,
			);
			buildRules = (
			);
			dependencies = (
			);
			name = MealBuilder;
			productName = MealBuilder;
			productReference = 2863DF432C4AF4CC00942611 /* MealBuilder.app */;
			productType = "com.apple.product-type.application";
		};
/* End PBXNativeTarget section */

/* Begin PBXProject section */
		2863DF3B2C4AF4CB00942611 /* Project object */ = {
			isa = PBXProject;
			attributes = {
				BuildIndependentTargetsInParallel = 1;
				LastSwiftUpdateCheck = 1540;
				LastUpgradeCheck = 1540;
				TargetAttributes = {
					2863DF422C4AF4CB00942611 = {
						CreatedOnToolsVersion = 15.4;
					};
				};
			};
			buildConfigurationList = 2863DF3E2C4AF4CB00942611 /* Build configuration list for PBXProject "MealBuilder" */;
			compatibilityVersion = "Xcode 14.0";
			developmentRegion = en;
			hasScannedForEncodings = 0;
			knownRegions = (
				en,
				Base,
			);
			mainGroup = 2863DF3A2C4AF4CB00942611;
			productRefGroup = 2863DF442C4AF4CC00942611 /* Products */;
			projectDirPath = "";
			projectRoot = "";
			targets = (
				2863DF422C4AF4CB00942611 /* MealBuilder */,
			);
		};
/* End PBXProject section */

/* Begin PBXResourcesBuildPhase section */
		2863DF412C4AF4CB00942611 /* Resources */ = {
			isa = PBXResourcesBuildPhase;
			buildActionMask = 2147483647;
			files = (
				2863DF4E2C4AF4CD00942611 /* Preview Assets.xcassets in Resources */,
				2863DF4B2C4AF4CD00942611 /* Assets.xcassets in Resources */,
			);
			runOnlyForDeploymentPostprocessing = 0;
		};
/* End PBXResourcesBuildPhase section */

/* Begin PBXSourcesBuildPhase section */
		2863DF3F2C4AF4CB00942611 /* Sources */ = {
			isa = PBXSourcesBuildPhase;
			buildActionMask = 2147483647;
			files = (
				2863DF5C2C51814F00942611 /* RecipeViewHorizontal.swift in Sources */,
				2863DF492C4AF4CC00942611 /* ContentView.swift in Sources */,
				2863DF602C529FE300942611 /* MLRequestService.swift in Sources */,
				2862C8692C627F5B0076265E /* StateManagerService.swift in Sources */,
				2862C8662C5F0F9C0076265E /* RecipeStorageService.swift in Sources */,
				2863DF472C4AF4CC00942611 /* MealBuilderApp.swift in Sources */,
				2863DF5E2C51837800942611 /* NutritionFactsPickerView.swift in Sources */,
				2863DF572C4F06F100942611 /* RecipeViewHotdog.swift in Sources */,
				2862C8642C5EF5A50076265E /* NutritionFactsView.swift in Sources */,
				2863DF5A2C503D4F00942611 /* Recipe.swift in Sources */,
				2862C8622C5EF51F0076265E /* ExpandedRecipeView.swift in Sources */,
			);
			runOnlyForDeploymentPostprocessing = 0;
		};
/* End PBXSourcesBuildPhase section */

/* Begin XCBuildConfiguration section */
		2863DF4F2C4AF4CD00942611 /* Debug */ = {
			isa = XCBuildConfiguration;
			buildSettings = {
				ALWAYS_SEARCH_USER_PATHS = NO;
				ASSETCATALOG_COMPILER_GENERATE_SWIFT_ASSET_SYMBOL_EXTENSIONS = YES;
				CLANG_ANALYZER_NONNULL = YES;
				CLANG_ANALYZER_NUMBER_OBJECT_CONVERSION = YES_AGGRESSIVE;
				CLANG_CXX_LANGUAGE_STANDARD = "gnu++20";
				CLANG_ENABLE_MODULES = YES;
				CLANG_ENABLE_OBJC_ARC = YES;
				CLANG_ENABLE_OBJC_WEAK = YES;
				CLANG_WARN_BLOCK_CAPTURE_AUTORELEASING = YES;
				CLANG_WARN_BOOL_CONVERSION = YES;
				CLANG_WARN_COMMA = YES;
				CLANG_WARN_CONSTANT_CONVERSION = YES;
				CLANG_WARN_DEPRECATED_OBJC_IMPLEMENTATIONS = YES;
				CLANG_WARN_DIRECT_OBJC_ISA_USAGE = YES_ERROR;
				CLANG_WARN_DOCUMENTATION_COMMENTS = YES;
				CLANG_WARN_EMPTY_BODY = YES;
				CLANG_WARN_ENUM_CONVERSION = YES;
				CLANG_WARN_INFINITE_RECURSION = YES;
				CLANG_WARN_INT_CONVERSION = YES;
				CLANG_WARN_NON_LITERAL_NULL_CONVERSION = YES;
				CLANG_WARN_OBJC_IMPLICIT_RETAIN_SELF = YES;
				CLANG_WARN_OBJC_LITERAL_CONVERSION = YES;
				CLANG_WARN_OBJC_ROOT_CLASS = YES_ERROR;
				CLANG_WARN_QUOTED_INCLUDE_IN_FRAMEWORK_HEADER = YES;
				CLANG_WARN_RANGE_LOOP_ANALYSIS = YES;
				CLANG_WARN_STRICT_PROTOTYPES = YES;
				CLANG_WARN_SUSPICIOUS_MOVE = YES;
				CLANG_WARN_UNGUARDED_AVAILABILITY = YES_AGGRESSIVE;
				CLANG_WARN_UNREACHABLE_CODE = YES;
				CLANG_WARN__DUPLICATE_METHOD_MATCH = YES;
				COPY_PHASE_STRIP = NO;
				DEBUG_INFORMATION_FORMAT = dwarf;
				ENABLE_STRICT_OBJC_MSGSEND = YES;
				ENABLE_TESTABILITY = YES;
				ENABLE_USER_SCRIPT_SANDBOXING = YES;
				GCC_C_LANGUAGE_STANDARD = gnu17;
				GCC_DYNAMIC_NO_PIC = NO;
				GCC_NO_COMMON_BLOCKS = YES;
				GCC_OPTIMIZATION_LEVEL = 0;
				GCC_PREPROCESSOR_DEFINITIONS = (
					"DEBUG=1",
					"$(inherited)",
				);
				GCC_WARN_64_TO_32_BIT_CONVERSION = YES;
				GCC_WARN_ABOUT_RETURN_TYPE = YES_ERROR;
				GCC_WARN_UNDECLARED_SELECTOR = YES;
				GCC_WARN_UNINITIALIZED_AUTOS = YES_AGGRESSIVE;
				GCC_WARN_UNUSED_FUNCTION = YES;
				GCC_WARN_UNUSED_VARIABLE = YES;
				IPHONEOS_DEPLOYMENT_TARGET = 17.5;
				LOCALIZATION_PREFERS_STRING_CATALOGS = YES;
				MTL_ENABLE_DEBUG_INFO = INCLUDE_SOURCE;
				MTL_FAST_MATH = YES;
				ONLY_ACTIVE_ARCH = YES;
				SDKROOT = iphoneos;
				SWIFT_ACTIVE_COMPILATION_CONDITIONS = "DEBUG $(inherited)";
				SWIFT_OPTIMIZATION_LEVEL = "-Onone";
			};
			name = Debug;
		};
		2863DF502C4AF4CD00942611 /* Release */ = {
			isa = XCBuildConfiguration;
			buildSettings = {
				ALWAYS_SEARCH_USER_PATHS = NO;
				ASSETCATALOG_COMPILER_GENERATE_SWIFT_ASSET_SYMBOL_EXTENSIONS = YES;
				CLANG_ANALYZER_NONNULL = YES;
				CLANG_ANALYZER_NUMBER_OBJECT_CONVERSION = YES_AGGRESSIVE;
				CLANG_CXX_LANGUAGE_STANDARD = "gnu++20";
				CLANG_ENABLE_MODULES = YES;
				CLANG_ENABLE_OBJC_ARC = YES;
				CLANG_ENABLE_OBJC_WEAK = YES;
				CLANG_WARN_BLOCK_CAPTURE_AUTORELEASING = YES;
				CLANG_WARN_BOOL_CONVERSION = YES;
				CLANG_WARN_COMMA = YES;
				CLANG_WARN_CONSTANT_CONVERSION = YES;
				CLANG_WARN_DEPRECATED_OBJC_IMPLEMENTATIONS = YES;
				CLANG_WARN_DIRECT_OBJC_ISA_USAGE = YES_ERROR;
				CLANG_WARN_DOCUMENTATION_COMMENTS = YES;
				CLANG_WARN_EMPTY_BODY = YES;
				CLANG_WARN_ENUM_CONVERSION = YES;
				CLANG_WARN_INFINITE_RECURSION = YES;
				CLANG_WARN_INT_CONVERSION = YES;
				CLANG_WARN_NON_LITERAL_NULL_CONVERSION = YES;
				CLANG_WARN_OBJC_IMPLICIT_RETAIN_SELF = YES;
				CLANG_WARN_OBJC_LITERAL_CONVERSION = YES;
				CLANG_WARN_OBJC_ROOT_CLASS = YES_ERROR;
				CLANG_WARN_QUOTED_INCLUDE_IN_FRAMEWORK_HEADER = YES;
				CLANG_WARN_RANGE_LOOP_ANALYSIS = YES;
				CLANG_WARN_STRICT_PROTOTYPES = YES;
				CLANG_WARN_SUSPICIOUS_MOVE = YES;
				CLANG_WARN_UNGUARDED_AVAILABILITY = YES_AGGRESSIVE;
				CLANG_WARN_UNREACHABLE_CODE = YES;
				CLANG_WARN__DUPLICATE_METHOD_MATCH = YES;
				COPY_PHASE_STRIP = NO;
				DEBUG_INFORMATION_FORMAT = "dwarf-with-dsym";
				ENABLE_NS_ASSERTIONS = NO;
				ENABLE_STRICT_OBJC_MSGSEND = YES;
				ENABLE_USER_SCRIPT_SANDBOXING = YES;
				GCC_C_LANGUAGE_STANDARD = gnu17;
				GCC_NO_COMMON_BLOCKS = YES;
				GCC_WARN_64_TO_32_BIT_CONVERSION = YES;
				GCC_WARN_ABOUT_RETURN_TYPE = YES_ERROR;
				GCC_WARN_UNDECLARED_SELECTOR = YES;
				GCC_WARN_UNINITIALIZED_AUTOS = YES_AGGRESSIVE;
				GCC_WARN_UNUSED_FUNCTION = YES;
				GCC_WARN_UNUSED_VARIABLE = YES;
				IPHONEOS_DEPLOYMENT_TARGET = 17.5;
				LOCALIZATION_PREFERS_STRING_CATALOGS = YES;
				MTL_ENABLE_DEBUG_INFO = NO;
				MTL_FAST_MATH = YES;
				SDKROOT = iphoneos;
				SWIFT_COMPILATION_MODE = wholemodule;
				VALIDATE_PRODUCT = YES;
			};
			name = Release;
		};
		2863DF522C4AF4CD00942611 /* Debug */ = {
			isa = XCBuildConfiguration;
			buildSettings = {
				ASSETCATALOG_COMPILER_APPICON_NAME = AppIcon;
				ASSETCATALOG_COMPILER_GLOBAL_ACCENT_COLOR_NAME = AccentColor;
				CODE_SIGN_STYLE = Automatic;
				CURRENT_PROJECT_VERSION = 1;
				DEVELOPMENT_ASSET_PATHS = "\"MealBuilder/Preview Content\"";
				DEVELOPMENT_TEAM = 6Y7Q4R29FU;
				ENABLE_PREVIEWS = YES;
				GENERATE_INFOPLIST_FILE = YES;
				INFOPLIST_KEY_UIApplicationSceneManifest_Generation = YES;
				INFOPLIST_KEY_UIApplicationSupportsIndirectInputEvents = YES;
				INFOPLIST_KEY_UILaunchScreen_Generation = YES;
				INFOPLIST_KEY_UISupportedInterfaceOrientations_iPad = "UIInterfaceOrientationPortrait UIInterfaceOrientationPortraitUpsideDown UIInterfaceOrientationLandscapeLeft UIInterfaceOrientationLandscapeRight";
				INFOPLIST_KEY_UISupportedInterfaceOrientations_iPhone = UIInterfaceOrientationPortrait;
				INFOPLIST_KEY_UIUserInterfaceStyle = Light;
				LD_RUNPATH_SEARCH_PATHS = (
					"$(inherited)",
					"@executable_path/Frameworks",
				);
				MARKETING_VERSION = 1.0;
				PRODUCT_BUNDLE_IDENTIFIER = rnguyen.MealBuilder;
				PRODUCT_NAME = "$(TARGET_NAME)";
				SWIFT_EMIT_LOC_STRINGS = YES;
				SWIFT_VERSION = 5.0;
				TARGETED_DEVICE_FAMILY = "1,2";
			};
			name = Debug;
		};
		2863DF532C4AF4CD00942611 /* Release */ = {
			isa = XCBuildConfiguration;
			buildSettings = {
				ASSETCATALOG_COMPILER_APPICON_NAME = AppIcon;
				ASSETCATALOG_COMPILER_GLOBAL_ACCENT_COLOR_NAME = AccentColor;
				CODE_SIGN_STYLE = Automatic;
				CURRENT_PROJECT_VERSION = 1;
				DEVELOPMENT_ASSET_PATHS = "\"MealBuilder/Preview Content\"";
				DEVELOPMENT_TEAM = 6Y7Q4R29FU;
				ENABLE_PREVIEWS = YES;
				GENERATE_INFOPLIST_FILE = YES;
				INFOPLIST_KEY_UIApplicationSceneManifest_Generation = YES;
				INFOPLIST_KEY_UIApplicationSupportsIndirectInputEvents = YES;
				INFOPLIST_KEY_UILaunchScreen_Generation = YES;
				INFOPLIST_KEY_UISupportedInterfaceOrientations_iPad = "UIInterfaceOrientationPortrait UIInterfaceOrientationPortraitUpsideDown UIInterfaceOrientationLandscapeLeft UIInterfaceOrientationLandscapeRight";
				INFOPLIST_KEY_UISupportedInterfaceOrientations_iPhone = UIInterfaceOrientationPortrait;
				INFOPLIST_KEY_UIUserInterfaceStyle = Light;
				LD_RUNPATH_SEARCH_PATHS = (
					"$(inherited)",
					"@executable_path/Frameworks",
				);
				MARKETING_VERSION = 1.0;
				PRODUCT_BUNDLE_IDENTIFIER = rnguyen.MealBuilder;
				PRODUCT_NAME = "$(TARGET_NAME)";
				SWIFT_EMIT_LOC_STRINGS = YES;
				SWIFT_VERSION = 5.0;
				TARGETED_DEVICE_FAMILY = "1,2";
			};
			name = Release;
		};
/* End XCBuildConfiguration section */

/* Begin XCConfigurationList section */
		2863DF3E2C4AF4CB00942611 /* Build configuration list for PBXProject "MealBuilder" */ = {
			isa = XCConfigurationList;
			buildConfigurations = (
				2863DF4F2C4AF4CD00942611 /* Debug */,
				2863DF502C4AF4CD00942611 /* Release */,
			);
			defaultConfigurationIsVisible = 0;
			defaultConfigurationName = Release;
		};
		2863DF512C4AF4CD00942611 /* Build configuration list for PBXNativeTarget "MealBuilder" */ = {
			isa = XCConfigurationList;
			buildConfigurations = (
				2863DF522C4AF4CD00942611 /* Debug */,
				2863DF532C4AF4CD00942611 /* Release */,
			);
			defaultConfigurationIsVisible = 0;
			defaultConfigurationName = Release;
		};
/* End XCConfigurationList section */
	};
	rootObject = 2863DF3B2C4AF4CB00942611 /* Project object */;
}
